
Microsoft Visual Studio Solution File, Format Version 12.00
# Visual Studio 15
VisualStudioVersion = 15.0.28307.1267
MinimumVisualStudioVersion = 10.0.40219.1
Project("{FAE04EC0-301F-11D3-BF4B-00C04F79EFBC}") = "FirstWCFservive-034", "FirstWCFservive-034\FirstWCFservive-034.csproj", "{8FE29177-2F9F-4DA9-B350-B8C4D8456548}"
EndProject
Global
	GlobalSection(SolutionConfigurationPlatforms) = preSolution
		Debug|Any CPU = Debug|Any CPU
		Release|Any CPU = Release|Any CPU
	EndGlobalSection
	GlobalSection(ProjectConfigurationPlatforms) = postSolution
		{8FE29177-2F9F-4DA9-B350-B8C4D8456548}.Debug|Any CPU.ActiveCfg = Debug|Any CPU
		{8FE29177-2F9F-4DA9-B350-B8C4D8456548}.Debug|Any CPU.Build.0 = Debug|Any CPU
		{8FE29177-2F9F-4DA9-B350-B8C4D8456548}.Release|Any CPU.ActiveCfg = Release|Any CPU
		{8FE29177-2F9F-4DA9-B350-B8C4D8456548}.Release|Any CPU.Build.0 = Release|Any CPU
	EndGlobalSection
	GlobalSection(SolutionProperties) = preSolution
		HideSolutionNode = FALSE
	EndGlobalSection
	GlobalSection(ExtensibilityGlobals) = postSolution
		SolutionGuid = {718609D8-1175-409E-BF05-3CD4F3DAA262}
	EndGlobalSection
EndGlobal
